
Microsoft Visual Studio Solution File, Format Version 12.00
# Visual Studio Version 16
VisualStudioVersion = 16.0.29009.5
MinimumVisualStudioVersion = 10.0.40219.1
Project("{FAE04EC0-301F-11D3-BF4B-00C04F79EFBC}") = "Vidly", "Vidly\Vidly.csproj", "{242E0D5E-2672-4437-BFFF-F4CCAC3D52AD}"
EndProject
Global
	GlobalSection(SolutionConfigurationPlatforms) = preSolution
		Debug|Any CPU = Debug|Any CPU
		Release|Any CPU = Release|Any CPU
	EndGlobalSection
	GlobalSection(ProjectConfigurationPlatforms) = postSolution
		{242E0D5E-2672-4437-BFFF-F4CCAC3D52AD}.Debug|Any CPU.ActiveCfg = Debug|Any CPU
		{242E0D5E-2672-4437-BFFF-F4CCAC3D52AD}.Debug|Any CPU.Build.0 = Debug|Any CPU
		{242E0D5E-2672-4437-BFFF-F4CCAC3D52AD}.Release|Any CPU.ActiveCfg = Release|Any CPU
		{242E0D5E-2672-4437-BFFF-F4CCAC3D52AD}.Release|Any CPU.Build.0 = Release|Any CPU
	EndGlobalSection
	GlobalSection(SolutionProperties) = preSolution
		HideSolutionNode = FALSE
	EndGlobalSection
	GlobalSection(ExtensibilityGlobals) = postSolution
		SolutionGuid = {19C875BB-B160-43C8-A86E-854B42A4CF8C}
	EndGlobalSection
EndGlobal
